
Microsoft Visual Studio Solution File, Format Version 11.00
# Visual Studio 2010
Project("{FAE04EC0-301F-11D3-BF4B-00C04F79EFBC}") = "NRack.Mixups.JavaScript.Example", "example\NRack.Mixups.JavaScript.Example\NRack.Mixups.JavaScript.Example.csproj", "{53016EDF-0663-4A24-86CF-5C8921781848}"
EndProject
Project("{FAE04EC0-301F-11D3-BF4B-00C04F79EFBC}") = "NRack.Mixups.JavaScript", "src\NRack.Mixups.JavaScript\NRack.Mixups.JavaScript.csproj", "{F5382250-28C5-421A-931F-39A5AC9C3B1C}"
EndProject
Global
	GlobalSection(SolutionConfigurationPlatforms) = preSolution
		Debug|Any CPU = Debug|Any CPU
		Debug|Mixed Platforms = Debug|Mixed Platforms
		Debug|x86 = Debug|x86
		Release|Any CPU = Release|Any CPU
		Release|Mixed Platforms = Release|Mixed Platforms
		Release|x86 = Release|x86
	EndGlobalSection
	GlobalSection(ProjectConfigurationPlatforms) = postSolution
		{53016EDF-0663-4A24-86CF-5C8921781848}.Debug|Any CPU.ActiveCfg = Debug|Any CPU
		{53016EDF-0663-4A24-86CF-5C8921781848}.Debug|Any CPU.Build.0 = Debug|Any CPU
		{53016EDF-0663-4A24-86CF-5C8921781848}.Debug|Mixed Platforms.ActiveCfg = Debug|Any CPU
		{53016EDF-0663-4A24-86CF-5C8921781848}.Debug|Mixed Platforms.Build.0 = Debug|Any CPU
		{53016EDF-0663-4A24-86CF-5C8921781848}.Debug|x86.ActiveCfg = Debug|Any CPU
		{53016EDF-0663-4A24-86CF-5C8921781848}.Release|Any CPU.ActiveCfg = Release|Any CPU
		{53016EDF-0663-4A24-86CF-5C8921781848}.Release|Any CPU.Build.0 = Release|Any CPU
		{53016EDF-0663-4A24-86CF-5C8921781848}.Release|Mixed Platforms.ActiveCfg = Release|Any CPU
		{53016EDF-0663-4A24-86CF-5C8921781848}.Release|Mixed Platforms.Build.0 = Release|Any CPU
		{53016EDF-0663-4A24-86CF-5C8921781848}.Release|x86.ActiveCfg = Release|Any CPU
		{F5382250-28C5-421A-931F-39A5AC9C3B1C}.Debug|Any CPU.ActiveCfg = Debug|Any CPU
		{F5382250-28C5-421A-931F-39A5AC9C3B1C}.Debug|Any CPU.Build.0 = Debug|Any CPU
		{F5382250-28C5-421A-931F-39A5AC9C3B1C}.Debug|Mixed Platforms.ActiveCfg = Debug|Any CPU
		{F5382250-28C5-421A-931F-39A5AC9C3B1C}.Debug|Mixed Platforms.Build.0 = Debug|Any CPU
		{F5382250-28C5-421A-931F-39A5AC9C3B1C}.Debug|x86.ActiveCfg = Debug|Any CPU
		{F5382250-28C5-421A-931F-39A5AC9C3B1C}.Release|Any CPU.ActiveCfg = Release|Any CPU
		{F5382250-28C5-421A-931F-39A5AC9C3B1C}.Release|Any CPU.Build.0 = Release|Any CPU
		{F5382250-28C5-421A-931F-39A5AC9C3B1C}.Release|Mixed Platforms.ActiveCfg = Release|Any CPU
		{F5382250-28C5-421A-931F-39A5AC9C3B1C}.Release|Mixed Platforms.Build.0 = Release|Any CPU
		{F5382250-28C5-421A-931F-39A5AC9C3B1C}.Release|x86.ActiveCfg = Release|Any CPU
	EndGlobalSection
	GlobalSection(SolutionProperties) = preSolution
		HideSolutionNode = FALSE
	EndGlobalSection
EndGlobal
